
Microsoft Visual Studio Solution File, Format Version 11.00
# Visual Studio 2010
Project("{FAE04EC0-301F-11D3-BF4B-00C04F79EFBC}") = "ArrayWinApp", "ArrayWinApp\ArrayWinApp.csproj", "{08063CD3-0B01-4914-9C42-EA55ED2589EE}"
EndProject
Global
	GlobalSection(SolutionConfigurationPlatforms) = preSolution
		Debug|Any CPU = Debug|Any CPU
		Release|Any CPU = Release|Any CPU
	EndGlobalSection
	GlobalSection(ProjectConfigurationPlatforms) = postSolution
		{08063CD3-0B01-4914-9C42-EA55ED2589EE}.Debug|Any CPU.ActiveCfg = Debug|Any CPU
		{08063CD3-0B01-4914-9C42-EA55ED2589EE}.Debug|Any CPU.Build.0 = Debug|Any CPU
		{08063CD3-0B01-4914-9C42-EA55ED2589EE}.Release|Any CPU.ActiveCfg = Release|Any CPU
		{08063CD3-0B01-4914-9C42-EA55ED2589EE}.Release|Any CPU.Build.0 = Release|Any CPU
	EndGlobalSection
	GlobalSection(SolutionProperties) = preSolution
		HideSolutionNode = FALSE
	EndGlobalSection
EndGlobal
